// !$*UTF8*$!
{
	archiveVersion = 1;
	classes = {
	};
	objectVersion = 54;
	objects = {

/* Begin PBXBuildFile section */
		9233B9012B70C98E0010FAD8 /* Screenshot.png in Resources */ = {isa = PBXBuildFile; fileRef = 9233B9002B70C98E0010FAD8 /* Screenshot.png */; };
		928D2B4126C17B0800ABE408 /* GeofencingSwiftUIApp.swift in Sources */ = {isa = PBXBuildFile; fileRef = 928D2B4026C17B0800ABE408 /* GeofencingSwiftUIApp.swift */; };
		928D2B4326C17B0800ABE408 /* ContentView.swift in Sources */ = {isa = PBXBuildFile; fileRef = 928D2B4226C17B0800ABE408 /* ContentView.swift */; };
		928D2B4526C17B0900ABE408 /* Assets.xcassets in Resources */ = {isa = PBXBuildFile; fileRef = 928D2B4426C17B0900ABE408 /* Assets.xcassets */; };
		928D2B4826C17B0900ABE408 /* Preview Assets.xcassets in Resources */ = {isa = PBXBuildFile; fileRef = 928D2B4726C17B0900ABE408 /* Preview Assets.xcassets */; };
		928D2B5026C17B1C00ABE408 /* GeofenceState.swift in Sources */ = {isa = PBXBuildFile; fileRef = 928D2B4F26C17B1C00ABE408 /* GeofenceState.swift */; };
		928D2B5226C17B3D00ABE408 /* GeofenceRegion.swift in Sources */ = {isa = PBXBuildFile; fileRef = 928D2B5126C17B3D00ABE408 /* GeofenceRegion.swift */; };
		928D2B5426C17B9700ABE408 /* Extensions.swift in Sources */ = {isa = PBXBuildFile; fileRef = 928D2B5326C17B9700ABE408 /* Extensions.swift */; };
		928D2B5626C17CBB00ABE408 /* LocalNotificationEmitter.swift in Sources */ = {isa = PBXBuildFile; fileRef = 928D2B5526C17CBB00ABE408 /* LocalNotificationEmitter.swift */; };
		928D2B8326C6D64C00ABE408 /* LocalConsole in Frameworks */ = {isa = PBXBuildFile; productRef = 928D2B8226C6D64C00ABE408 /* LocalConsole */; };
		928D2B8726C7A9F900ABE408 /* Itinerary.png in Resources */ = {isa = PBXBuildFile; fileRef = 928D2B8626C7A9F900ABE408 /* Itinerary.png */; };
		928D2B8A26C7B19400ABE408 /* MapWithLocation.swift in Sources */ = {isa = PBXBuildFile; fileRef = 928D2B8926C7B19400ABE408 /* MapWithLocation.swift */; };
/* End PBXBuildFile section */

/* Begin PBXFileReference section */
		9233B9002B70C98E0010FAD8 /* Screenshot.png */ = {isa = PBXFileReference; lastKnownFileType = image.png; path = Screenshot.png; sourceTree = "<group>"; };
		9233B9022B70C9C30010FAD8 /* README.md */ = {isa = PBXFileReference; lastKnownFileType = net.daringfireball.markdown; path = README.md; sourceTree = "<group>"; };
		928D2B3D26C17B0800ABE408 /* GeofencingSwiftUI.app */ = {isa = PBXFileReference; explicitFileType = wrapper.application; includeInIndex = 0; path = GeofencingSwiftUI.app; sourceTree = BUILT_PRODUCTS_DIR; };
		928D2B4026C17B0800ABE408 /* GeofencingSwiftUIApp.swift */ = {isa = PBXFileReference; lastKnownFileType = sourcecode.swift; path = GeofencingSwiftUIApp.swift; sourceTree = "<group>"; };
		928D2B4226C17B0800ABE408 /* ContentView.swift */ = {isa = PBXFileReference; lastKnownFileType = sourcecode.swift; path = ContentView.swift; sourceTree = "<group>"; };
		928D2B4426C17B0900ABE408 /* Assets.xcassets */ = {isa = PBXFileReference; lastKnownFileType = folder.assetcatalog; path = Assets.xcassets; sourceTree = "<group>"; };
		928D2B4726C17B0900ABE408 /* Preview Assets.xcassets */ = {isa = PBXFileReference; lastKnownFileType = folder.assetcatalog; path = "Preview Assets.xcassets"; sourceTree = "<group>"; };
		928D2B4926C17B0900ABE408 /* Info.plist */ = {isa = PBXFileReference; lastKnownFileType = text.plist.xml; path = Info.plist; sourceTree = "<group>"; };
		928D2B4F26C17B1C00ABE408 /* GeofenceState.swift */ = {isa = PBXFileReference; lastKnownFileType = sourcecode.swift; path = GeofenceState.swift; sourceTree = "<group>"; };
		928D2B5126C17B3D00ABE408 /* GeofenceRegion.swift */ = {isa = PBXFileReference; lastKnownFileType = sourcecode.swift; path = GeofenceRegion.swift; sourceTree = "<group>"; };
		928D2B5326C17B9700ABE408 /* Extensions.swift */ = {isa = PBXFileReference; lastKnownFileType = sourcecode.swift; path = Extensions.swift; sourceTree = "<group>"; };
		928D2B5526C17CBB00ABE408 /* LocalNotificationEmitter.swift */ = {isa = PBXFileReference; lastKnownFileType = sourcecode.swift; path = LocalNotificationEmitter.swift; sourceTree = "<group>"; };
		928D2B8626C7A9F900ABE408 /* Itinerary.png */ = {isa = PBXFileReference; lastKnownFileType = image.png; path = Itinerary.png; sourceTree = "<group>"; };
		928D2B8926C7B19400ABE408 /* MapWithLocation.swift */ = {isa = PBXFileReference; lastKnownFileType = sourcecode.swift; path = MapWithLocation.swift; sourceTree = "<group>"; };
		928D2B8D26C7B62F00ABE408 /* JEParcours.gpx */ = {isa = PBXFileReference; lastKnownFileType = text.xml; path = JEParcours.gpx; sourceTree = "<group>"; };
/* End PBXFileReference section */

/* Begin PBXFrameworksBuildPhase section */
		928D2B3A26C17B0800ABE408 /* Frameworks */ = {
			isa = PBXFrameworksBuildPhase;
			buildActionMask = 2147483647;
			files = (
				928D2B8326C6D64C00ABE408 /* LocalConsole in Frameworks */,
			);
			runOnlyForDeploymentPostprocessing = 0;
		};
/* End PBXFrameworksBuildPhase section */

/* Begin PBXGroup section */
		928D2B3426C17B0800ABE408 = {
			isa = PBXGroup;
			children = (
				9233B9022B70C9C30010FAD8 /* README.md */,
				928D2B8D26C7B62F00ABE408 /* JEParcours.gpx */,
				9233B9002B70C98E0010FAD8 /* Screenshot.png */,
				928D2B8626C7A9F900ABE408 /* Itinerary.png */,
				928D2B3F26C17B0800ABE408 /* GeofencingSwiftUI */,
				928D2B3E26C17B0800ABE408 /* Products */,
			);
			sourceTree = "<group>";
		};
		928D2B3E26C17B0800ABE408 /* Products */ = {
			isa = PBXGroup;
			children = (
				928D2B3D26C17B0800ABE408 /* GeofencingSwiftUI.app */,
			);
			name = Products;
			sourceTree = "<group>";
		};
		928D2B3F26C17B0800ABE408 /* GeofencingSwiftUI */ = {
			isa = PBXGroup;
			children = (
				928D2B4026C17B0800ABE408 /* GeofencingSwiftUIApp.swift */,
				928D2B4226C17B0800ABE408 /* ContentView.swift */,
				928D2B4426C17B0900ABE408 /* Assets.xcassets */,
				928D2B4926C17B0900ABE408 /* Info.plist */,
				928D2B4626C17B0900ABE408 /* Preview Content */,
				928D2B4F26C17B1C00ABE408 /* GeofenceState.swift */,
				928D2B5126C17B3D00ABE408 /* GeofenceRegion.swift */,
				928D2B5326C17B9700ABE408 /* Extensions.swift */,
				928D2B5526C17CBB00ABE408 /* LocalNotificationEmitter.swift */,
				928D2B8926C7B19400ABE408 /* MapWithLocation.swift */,
			);
			path = GeofencingSwiftUI;
			sourceTree = "<group>";
		};
		928D2B4626C17B0900ABE408 /* Preview Content */ = {
			isa = PBXGroup;
			children = (
				928D2B4726C17B0900ABE408 /* Preview Assets.xcassets */,
			);
			path = "Preview Content";
			sourceTree = "<group>";
		};
/* End PBXGroup section */

/* Begin PBXNativeTarget section */
		928D2B3C26C17B0800ABE408 /* GeofencingSwiftUI */ = {
			isa = PBXNativeTarget;
			buildConfigurationList = 928D2B4C26C17B0900ABE408 /* Build configuration list for PBXNativeTarget "GeofencingSwiftUI" */;
			buildPhases = (
				928D2B3926C17B0800ABE408 /* Sources */,
				928D2B3A26C17B0800ABE408 /* Frameworks */,
				928D2B3B26C17B0800ABE408 /* Resources */,
			);
			buildRules = (
			);
			dependencies = (
			);
			name = GeofencingSwiftUI;
			packageProductDependencies = (
				928D2B8226C6D64C00ABE408 /* LocalConsole */,
			);
			productName = GeofencingSwiftUI;
			productReference = 928D2B3D26C17B0800ABE408 /* GeofencingSwiftUI.app */;
			productType = "com.apple.product-type.application";
		};
/* End PBXNativeTarget section */

/* Begin PBXProject section */
		928D2B3526C17B0800ABE408 /* Project object */ = {
			isa = PBXProject;
			attributes = {
				LastSwiftUpdateCheck = 1250;
				LastUpgradeCheck = 1250;
				TargetAttributes = {
					928D2B3C26C17B0800ABE408 = {
						CreatedOnToolsVersion = 12.5.1;
					};
				};
			};
			buildConfigurationList = 928D2B3826C17B0800ABE408 /* Build configuration list for PBXProject "GeofencingSwiftUI" */;
			compatibilityVersion = "Xcode 9.3";
			developmentRegion = en;
			hasScannedForEncodings = 0;
			knownRegions = (
				en,
				Base,
			);
			mainGroup = 928D2B3426C17B0800ABE408;
			packageReferences = (
				928D2B8126C6D64C00ABE408 /* XCRemoteSwiftPackageReference "LocalConsole" */,
			);
			productRefGroup = 928D2B3E26C17B0800ABE408 /* Products */;
			projectDirPath = "";
			projectRoot = "";
			targets = (
				928D2B3C26C17B0800ABE408 /* GeofencingSwiftUI */,
			);
		};
/* End PBXProject section */

/* Begin PBXResourcesBuildPhase section */
		928D2B3B26C17B0800ABE408 /* Resources */ = {
			isa = PBXResourcesBuildPhase;
			buildActionMask = 2147483647;
			files = (
				928D2B4826C17B0900ABE408 /* Preview Assets.xcassets in Resources */,
				928D2B8726C7A9F900ABE408 /* Itinerary.png in Resources */,
				9233B9012B70C98E0010FAD8 /* Screenshot.png in Resources */,
				928D2B4526C17B0900ABE408 /* Assets.xcassets in Resources */,
			);
			runOnlyForDeploymentPostprocessing = 0;
		};
/* End PBXResourcesBuildPhase section */

/* Begin PBXSourcesBuildPhase section */
		928D2B3926C17B0800ABE408 /* Sources */ = {
			isa = PBXSourcesBuildPhase;
			buildActionMask = 2147483647;
			files = (
				928D2B8A26C7B19400ABE408 /* MapWithLocation.swift in Sources */,
				928D2B5426C17B9700ABE408 /* Extensions.swift in Sources */,
				928D2B4326C17B0800ABE408 /* ContentView.swift in Sources */,
				928D2B4126C17B0800ABE408 /* GeofencingSwiftUIApp.swift in Sources */,
				928D2B5026C17B1C00ABE408 /* GeofenceState.swift in Sources */,
				928D2B5226C17B3D00ABE408 /* GeofenceRegion.swift in Sources */,
				928D2B5626C17CBB00ABE408 /* LocalNotificationEmitter.swift in Sources */,
			);
			runOnlyForDeploymentPostprocessing = 0;
		};
/* End PBXSourcesBuildPhase section */

/* Begin XCBuildConfiguration section */
		928D2B4A26C17B0900ABE408 /* Debug */ = {
			isa = XCBuildConfiguration;
			buildSettings = {
				ALWAYS_SEARCH_USER_PATHS = NO;
				CLANG_ANALYZER_NONNULL = YES;
				CLANG_ANALYZER_NUMBER_OBJECT_CONVERSION = YES_AGGRESSIVE;
				CLANG_CXX_LANGUAGE_STANDARD = "gnu++14";
				CLANG_CXX_LIBRARY = "libc++";
				CLANG_ENABLE_MODULES = YES;
				CLANG_ENABLE_OBJC_ARC = YES;
				CLANG_ENABLE_OBJC_WEAK = YES;
				CLANG_WARN_BLOCK_CAPTURE_AUTORELEASING = YES;
				CLANG_WARN_BOOL_CONVERSION = YES;
				CLANG_WARN_COMMA = YES;
				CLANG_WARN_CONSTANT_CONVERSION = YES;
				CLANG_WARN_DEPRECATED_OBJC_IMPLEMENTATIONS = YES;
				CLANG_WARN_DIRECT_OBJC_ISA_USAGE = YES_ERROR;
				CLANG_WARN_DOCUMENTATION_COMMENTS = YES;
				CLANG_WARN_EMPTY_BODY = YES;
				CLANG_WARN_ENUM_CONVERSION = YES;
				CLANG_WARN_INFINITE_RECURSION = YES;
				CLANG_WARN_INT_CONVERSION = YES;
				CLANG_WARN_NON_LITERAL_NULL_CONVERSION = YES;
				CLANG_WARN_OBJC_IMPLICIT_RETAIN_SELF = YES;
				CLANG_WARN_OBJC_LITERAL_CONVERSION = YES;
				CLANG_WARN_OBJC_ROOT_CLASS = YES_ERROR;
				CLANG_WARN_QUOTED_INCLUDE_IN_FRAMEWORK_HEADER = YES;
				CLANG_WARN_RANGE_LOOP_ANALYSIS = YES;
				CLANG_WARN_STRICT_PROTOTYPES = YES;
				CLANG_WARN_SUSPICIOUS_MOVE = YES;
				CLANG_WARN_UNGUARDED_AVAILABILITY = YES_AGGRESSIVE;
				CLANG_WARN_UNREACHABLE_CODE = YES;
				CLANG_WARN__DUPLICATE_METHOD_MATCH = YES;
				COPY_PHASE_STRIP = NO;
				DEBUG_INFORMATION_FORMAT = dwarf;
				ENABLE_STRICT_OBJC_MSGSEND = YES;
				ENABLE_TESTABILITY = YES;
				GCC_C_LANGUAGE_STANDARD = gnu11;
				GCC_DYNAMIC_NO_PIC = NO;
				GCC_NO_COMMON_BLOCKS = YES;
				GCC_OPTIMIZATION_LEVEL = 0;
				GCC_PREPROCESSOR_DEFINITIONS = (
					"DEBUG=1",
					"$(inherited)",
				);
				GCC_WARN_64_TO_32_BIT_CONVERSION = YES;
				GCC_WARN_ABOUT_RETURN_TYPE = YES_ERROR;
				GCC_WARN_UNDECLARED_SELECTOR = YES;
				GCC_WARN_UNINITIALIZED_AUTOS = YES_AGGRESSIVE;
				GCC_WARN_UNUSED_FUNCTION = YES;
				GCC_WARN_UNUSED_VARIABLE = YES;
				IPHONEOS_DEPLOYMENT_TARGET = 14.5;
				MTL_ENABLE_DEBUG_INFO = INCLUDE_SOURCE;
				MTL_FAST_MATH = YES;
				ONLY_ACTIVE_ARCH = YES;
				SDKROOT = iphoneos;
				SWIFT_ACTIVE_COMPILATION_CONDITIONS = DEBUG;
				SWIFT_OPTIMIZATION_LEVEL = "-Onone";
			};
			name = Debug;
		};
		928D2B4B26C17B0900ABE408 /* Release */ = {
			isa = XCBuildConfiguration;
			buildSettings = {
				ALWAYS_SEARCH_USER_PATHS = NO;
				CLANG_ANALYZER_NONNULL = YES;
				CLANG_ANALYZER_NUMBER_OBJECT_CONVERSION = YES_AGGRESSIVE;
				CLANG_CXX_LANGUAGE_STANDARD = "gnu++14";
				CLANG_CXX_LIBRARY = "libc++";
				CLANG_ENABLE_MODULES = YES;
				CLANG_ENABLE_OBJC_ARC = YES;
				CLANG_ENABLE_OBJC_WEAK = YES;
				CLANG_WARN_BLOCK_CAPTURE_AUTORELEASING = YES;
				CLANG_WARN_BOOL_CONVERSION = YES;
				CLANG_WARN_COMMA = YES;
				CLANG_WARN_CONSTANT_CONVERSION = YES;
				CLANG_WARN_DEPRECATED_OBJC_IMPLEMENTATIONS = YES;
				CLANG_WARN_DIRECT_OBJC_ISA_USAGE = YES_ERROR;
				CLANG_WARN_DOCUMENTATION_COMMENTS = YES;
				CLANG_WARN_EMPTY_BODY = YES;
				CLANG_WARN_ENUM_CONVERSION = YES;
				CLANG_WARN_INFINITE_RECURSION = YES;
				CLANG_WARN_INT_CONVERSION = YES;
				CLANG_WARN_NON_LITERAL_NULL_CONVERSION = YES;
				CLANG_WARN_OBJC_IMPLICIT_RETAIN_SELF = YES;
				CLANG_WARN_OBJC_LITERAL_CONVERSION = YES;
				CLANG_WARN_OBJC_ROOT_CLASS = YES_ERROR;
				CLANG_WARN_QUOTED_INCLUDE_IN_FRAMEWORK_HEADER = YES;
				CLANG_WARN_RANGE_LOOP_ANALYSIS = YES;
				CLANG_WARN_STRICT_PROTOTYPES = YES;
				CLANG_WARN_SUSPICIOUS_MOVE = YES;
				CLANG_WARN_UNGUARDED_AVAILABILITY = YES_AGGRESSIVE;
				CLANG_WARN_UNREACHABLE_CODE = YES;
				CLANG_WARN__DUPLICATE_METHOD_MATCH = YES;
				COPY_PHASE_STRIP = NO;
				DEBUG_INFORMATION_FORMAT = "dwarf-with-dsym";
				ENABLE_NS_ASSERTIONS = NO;
				ENABLE_STRICT_OBJC_MSGSEND = YES;
				GCC_C_LANGUAGE_STANDARD = gnu11;
				GCC_NO_COMMON_BLOCKS = YES;
				GCC_WARN_64_TO_32_BIT_CONVERSION = YES;
				GCC_WARN_ABOUT_RETURN_TYPE = YES_ERROR;
				GCC_WARN_UNDECLARED_SELECTOR = YES;
				GCC_WARN_UNINITIALIZED_AUTOS = YES_AGGRESSIVE;
				GCC_WARN_UNUSED_FUNCTION = YES;
				GCC_WARN_UNUSED_VARIABLE = YES;
				IPHONEOS_DEPLOYMENT_TARGET = 14.5;
				MTL_ENABLE_DEBUG_INFO = NO;
				MTL_FAST_MATH = YES;
				SDKROOT = iphoneos;
				SWIFT_COMPILATION_MODE = wholemodule;
				SWIFT_OPTIMIZATION_LEVEL = "-O";
				VALIDATE_PRODUCT = YES;
			};
			name = Release;
		};
		928D2B4D26C17B0900ABE408 /* Debug */ = {
			isa = XCBuildConfiguration;
			buildSettings = {
				ASSETCATALOG_COMPILER_APPICON_NAME = AppIcon;
				ASSETCATALOG_COMPILER_GLOBAL_ACCENT_COLOR_NAME = AccentColor;
				CODE_SIGN_STYLE = Automatic;
				DEVELOPMENT_ASSET_PATHS = "\"GeofencingSwiftUI/Preview Content\"";
				DEVELOPMENT_TEAM = NY3J9KV3S9;
				ENABLE_PREVIEWS = YES;
				INFOPLIST_FILE = GeofencingSwiftUI/Info.plist;
				IPHONEOS_DEPLOYMENT_TARGET = 16.0;
				LD_RUNPATH_SEARCH_PATHS = (
					"$(inherited)",
					"@executable_path/Frameworks",
				);
				PRODUCT_BUNDLE_IDENTIFIER = com.async.GeofencingSwiftUI;
				PRODUCT_NAME = "$(TARGET_NAME)";
				SWIFT_VERSION = 5.0;
				TARGETED_DEVICE_FAMILY = "1,2";
			};
			name = Debug;
		};
		928D2B4E26C17B0900ABE408 /* Release */ = {
			isa = XCBuildConfiguration;
			buildSettings = {
				ASSETCATALOG_COMPILER_APPICON_NAME = AppIcon;
				ASSETCATALOG_COMPILER_GLOBAL_ACCENT_COLOR_NAME = AccentColor;
				CODE_SIGN_STYLE = Automatic;
				DEVELOPMENT_ASSET_PATHS = "\"GeofencingSwiftUI/Preview Content\"";
				DEVELOPMENT_TEAM = NY3J9KV3S9;
				ENABLE_PREVIEWS = YES;
				INFOPLIST_FILE = GeofencingSwiftUI/Info.plist;
				IPHONEOS_DEPLOYMENT_TARGET = 16.0;
				LD_RUNPATH_SEARCH_PATHS = (
					"$(inherited)",
					"@executable_path/Frameworks",
				);
				PRODUCT_BUNDLE_IDENTIFIER = com.async.GeofencingSwiftUI;
				PRODUCT_NAME = "$(TARGET_NAME)";
				SWIFT_VERSION = 5.0;
				TARGETED_DEVICE_FAMILY = "1,2";
			};
			name = Release;
		};
/* End XCBuildConfiguration section */

/* Begin XCConfigurationList section */
		928D2B3826C17B0800ABE408 /* Build configuration list for PBXProject "GeofencingSwiftUI" */ = {
			isa = XCConfigurationList;
			buildConfigurations = (
				928D2B4A26C17B0900ABE408 /* Debug */,
				928D2B4B26C17B0900ABE408 /* Release */,
			);
			defaultConfigurationIsVisible = 0;
			defaultConfigurationName = Release;
		};
		928D2B4C26C17B0900ABE408 /* Build configuration list for PBXNativeTarget "GeofencingSwiftUI" */ = {
			isa = XCConfigurationList;
			buildConfigurations = (
				928D2B4D26C17B0900ABE408 /* Debug */,
				928D2B4E26C17B0900ABE408 /* Release */,
			);
			defaultConfigurationIsVisible = 0;
			defaultConfigurationName = Release;
		};
/* End XCConfigurationList section */

/* Begin XCRemoteSwiftPackageReference section */
		928D2B8126C6D64C00ABE408 /* XCRemoteSwiftPackageReference "LocalConsole" */ = {
			isa = XCRemoteSwiftPackageReference;
			repositoryURL = "https://github.com/duraidabdul/LocalConsole/";
			requirement = {
				kind = upToNextMajorVersion;
				minimumVersion = 1.6.2;
			};
		};
/* End XCRemoteSwiftPackageReference section */

/* Begin XCSwiftPackageProductDependency section */
		928D2B8226C6D64C00ABE408 /* LocalConsole */ = {
			isa = XCSwiftPackageProductDependency;
			package = 928D2B8126C6D64C00ABE408 /* XCRemoteSwiftPackageReference "LocalConsole" */;
			productName = LocalConsole;
		};
/* End XCSwiftPackageProductDependency section */
	};
	rootObject = 928D2B3526C17B0800ABE408 /* Project object */;
}
